
Microsoft Visual Studio Solution File, Format Version 12.00
# Visual Studio Version 17
VisualStudioVersion = 17.14.36109.1 d17.14
MinimumVisualStudioVersion = 10.0.40219.1
Project("{FAE04EC0-301F-11D3-BF4B-00C04F79EFBC}") = "TestSubject", "TestSubject.csproj", "{8090C262-3422-4760-9876-DACEF788945F}"
EndProject
Global
	GlobalSection(SolutionConfigurationPlatforms) = preSolution
		Debug|Any CPU = Debug|Any CPU
		Release|Any CPU = Release|Any CPU
	EndGlobalSection
	GlobalSection(ProjectConfigurationPlatforms) = postSolution
		{8090C262-3422-4760-9876-DACEF788945F}.Debug|Any CPU.ActiveCfg = Debug|Any CPU
		{8090C262-3422-4760-9876-DACEF788945F}.Debug|Any CPU.Build.0 = Debug|Any CPU
		{8090C262-3422-4760-9876-DACEF788945F}.Release|Any CPU.ActiveCfg = Release|Any CPU
		{8090C262-3422-4760-9876-DACEF788945F}.Release|Any CPU.Build.0 = Release|Any CPU
	EndGlobalSection
	GlobalSection(SolutionProperties) = preSolution
		HideSolutionNode = FALSE
	EndGlobalSection
	GlobalSection(ExtensibilityGlobals) = postSolution
		SolutionGuid = {40E01C09-81B3-4DDA-A178-CAE4C313A2F5}
	EndGlobalSection
EndGlobal
